// !$*UTF8*$!
{
	archiveVersion = 1;
	classes = {
	};
	objectVersion = 46;
	objects = {

/* Begin PBXBuildFile section */
		8B171D1D1B8777DD0026F82C /* AppDelegate.swift in Sources */ = {isa = PBXBuildFile; fileRef = 8B171D1C1B8777DD0026F82C /* AppDelegate.swift */; };
		8B171D1F1B8777DD0026F82C /* ViewController.swift in Sources */ = {isa = PBXBuildFile; fileRef = 8B171D1E1B8777DD0026F82C /* ViewController.swift */; };
		8B171D221B8777DD0026F82C /* Main.storyboard in Resources */ = {isa = PBXBuildFile; fileRef = 8B171D201B8777DD0026F82C /* Main.storyboard */; };
		8B171D241B8777DD0026F82C /* Images.xcassets in Resources */ = {isa = PBXBuildFile; fileRef = 8B171D231B8777DD0026F82C /* Images.xcassets */; };
		8B171D271B8777DD0026F82C /* LaunchScreen.xib in Resources */ = {isa = PBXBuildFile; fileRef = 8B171D251B8777DD0026F82C /* LaunchScreen.xib */; };
		8B171D331B8777DD0026F82C /* MemeMe_v1_0Tests.swift in Sources */ = {isa = PBXBuildFile; fileRef = 8B171D321B8777DD0026F82C /* MemeMe_v1_0Tests.swift */; };
/* End PBXBuildFile section */

/* Begin PBXContainerItemProxy section */
		8B171D2D1B8777DD0026F82C /* PBXContainerItemProxy */ = {
			isa = PBXContainerItemProxy;
			containerPortal = 8B171D0F1B8777DD0026F82C /* Project object */;
			proxyType = 1;
			remoteGlobalIDString = 8B171D161B8777DD0026F82C;
			remoteInfo = "MemeMe-v1.0";
		};
/* End PBXContainerItemProxy section */

/* Begin PBXFileReference section */
		8B171D171B8777DD0026F82C /* MemeMe-v1.0.app */ = {isa = PBXFileReference; explicitFileType = wrapper.application; includeInIndex = 0; path = "MemeMe-v1.0.app"; sourceTree = BUILT_PRODUCTS_DIR; };
		8B171D1B1B8777DD0026F82C /* Info.plist */ = {isa = PBXFileReference; lastKnownFileType = text.plist.xml; path = Info.plist; sourceTree = "<group>"; };
		8B171D1C1B8777DD0026F82C /* AppDelegate.swift */ = {isa = PBXFileReference; lastKnownFileType = sourcecode.swift; path = AppDelegate.swift; sourceTree = "<group>"; };
		8B171D1E1B8777DD0026F82C /* ViewController.swift */ = {isa = PBXFileReference; lastKnownFileType = sourcecode.swift; path = ViewController.swift; sourceTree = "<group>"; };
		8B171D211B8777DD0026F82C /* Base */ = {isa = PBXFileReference; lastKnownFileType = file.storyboard; name = Base; path = Base.lproj/Main.storyboard; sourceTree = "<group>"; };
		8B171D231B8777DD0026F82C /* Images.xcassets */ = {isa = PBXFileReference; lastKnownFileType = folder.assetcatalog; path = Images.xcassets; sourceTree = "<group>"; };
		8B171D261B8777DD0026F82C /* Base */ = {isa = PBXFileReference; lastKnownFileType = file.xib; name = Base; path = Base.lproj/LaunchScreen.xib; sourceTree = "<group>"; };
		8B171D2C1B8777DD0026F82C /* MemeMe-v1.0Tests.xctest */ = {isa = PBXFileReference; explicitFileType = wrapper.cfbundle; includeInIndex = 0; path = "MemeMe-v1.0Tests.xctest"; sourceTree = BUILT_PRODUCTS_DIR; };
		8B171D311B8777DD0026F82C /* Info.plist */ = {isa = PBXFileReference; lastKnownFileType = text.plist.xml; path = Info.plist; sourceTree = "<group>"; };
		8B171D321B8777DD0026F82C /* MemeMe_v1_0Tests.swift */ = {isa = PBXFileReference; lastKnownFileType = sourcecode.swift; path = MemeMe_v1_0Tests.swift; sourceTree = "<group>"; };
/* End PBXFileReference section */

/* Begin PBXFrameworksBuildPhase section */
		8B171D141B8777DD0026F82C /* Frameworks */ = {
			isa = PBXFrameworksBuildPhase;
			buildActionMask = 2147483647;
			files = (
			);
			runOnlyForDeploymentPostprocessing = 0;
		};
		8B171D291B8777DD0026F82C /* Frameworks */ = {
			isa = PBXFrameworksBuildPhase;
			buildActionMask = 2147483647;
			files = (
			);
			runOnlyForDeploymentPostprocessing = 0;
		};
/* End PBXFrameworksBuildPhase section */

/* Begin PBXGroup section */
		8B171D0E1B8777DD0026F82C = {
			isa = PBXGroup;
			children = (
				8B171D191B8777DD0026F82C /* MemeMe-v1.0 */,
				8B171D2F1B8777DD0026F82C /* MemeMe-v1.0Tests */,
				8B171D181B8777DD0026F82C /* Products */,
			);
			sourceTree = "<group>";
		};
		8B171D181B8777DD0026F82C /* Products */ = {
			isa = PBXGroup;
			children = (
				8B171D171B8777DD0026F82C /* MemeMe-v1.0.app */,
				8B171D2C1B8777DD0026F82C /* MemeMe-v1.0Tests.xctest */,
			);
			name = Products;
			sourceTree = "<group>";
		};
		8B171D191B8777DD0026F82C /* MemeMe-v1.0 */ = {
			isa = PBXGroup;
			children = (
				8B171D1C1B8777DD0026F82C /* AppDelegate.swift */,
				8B171D1E1B8777DD0026F82C /* ViewController.swift */,
				8B171D201B8777DD0026F82C /* Main.storyboard */,
				8B171D231B8777DD0026F82C /* Images.xcassets */,
				8B171D251B8777DD0026F82C /* LaunchScreen.xib */,
				8B171D1A1B8777DD0026F82C /* Supporting Files */,
			);
			path = "MemeMe-v1.0";
			sourceTree = "<group>";
		};
		8B171D1A1B8777DD0026F82C /* Supporting Files */ = {
			isa = PBXGroup;
			children = (
				8B171D1B1B8777DD0026F82C /* Info.plist */,
			);
			name = "Supporting Files";
			sourceTree = "<group>";
		};
		8B171D2F1B8777DD0026F82C /* MemeMe-v1.0Tests */ = {
			isa = PBXGroup;
			children = (
				8B171D321B8777DD0026F82C /* MemeMe_v1_0Tests.swift */,
				8B171D301B8777DD0026F82C /* Supporting Files */,
			);
			path = "MemeMe-v1.0Tests";
			sourceTree = "<group>";
		};
		8B171D301B8777DD0026F82C /* Supporting Files */ = {
			isa = PBXGroup;
			children = (
				8B171D311B8777DD0026F82C /* Info.plist */,
			);
			name = "Supporting Files";
			sourceTree = "<group>";
		};
/* End PBXGroup section */

/* Begin PBXNativeTarget section */
		8B171D161B8777DD0026F82C /* MemeMe-v1.0 */ = {
			isa = PBXNativeTarget;
			buildConfigurationList = 8B171D361B8777DD0026F82C /* Build configuration list for PBXNativeTarget "MemeMe-v1.0" */;
			buildPhases = (
				8B171D131B8777DD0026F82C /* Sources */,
				8B171D141B8777DD0026F82C /* Frameworks */,
				8B171D151B8777DD0026F82C /* Resources */,
			);
			buildRules = (
			);
			dependencies = (
			);
			name = "MemeMe-v1.0";
			productName = "MemeMe-v1.0";
			productReference = 8B171D171B8777DD0026F82C /* MemeMe-v1.0.app */;
			productType = "com.apple.product-type.application";
		};
		8B171D2B1B8777DD0026F82C /* MemeMe-v1.0Tests */ = {
			isa = PBXNativeTarget;
			buildConfigurationList = 8B171D391B8777DD0026F82C /* Build configuration list for PBXNativeTarget "MemeMe-v1.0Tests" */;
			buildPhases = (
				8B171D281B8777DD0026F82C /* Sources */,
				8B171D291B8777DD0026F82C /* Frameworks */,
				8B171D2A1B8777DD0026F82C /* Resources */,
			);
			buildRules = (
			);
			dependencies = (
				8B171D2E1B8777DD0026F82C /* PBXTargetDependency */,
			);
			name = "MemeMe-v1.0Tests";
			productName = "MemeMe-v1.0Tests";
			productReference = 8B171D2C1B8777DD0026F82C /* MemeMe-v1.0Tests.xctest */;
			productType = "com.apple.product-type.bundle.unit-test";
		};
/* End PBXNativeTarget section */

/* Begin PBXProject section */
		8B171D0F1B8777DD0026F82C /* Project object */ = {
			isa = PBXProject;
			attributes = {
				LastUpgradeCheck = 0640;
				ORGANIZATIONNAME = "Adrian Gherle";
				TargetAttributes = {
					8B171D161B8777DD0026F82C = {
						CreatedOnToolsVersion = 6.4;
					};
					8B171D2B1B8777DD0026F82C = {
						CreatedOnToolsVersion = 6.4;
						TestTargetID = 8B171D161B8777DD0026F82C;
					};
				};
			};
			buildConfigurationList = 8B171D121B8777DD0026F82C /* Build configuration list for PBXProject "MemeMe-v1.0" */;
			compatibilityVersion = "Xcode 3.2";
			developmentRegion = English;
			hasScannedForEncodings = 0;
			knownRegions = (
				en,
				Base,
			);
			mainGroup = 8B171D0E1B8777DD0026F82C;
			productRefGroup = 8B171D181B8777DD0026F82C /* Products */;
			projectDirPath = "";
			projectRoot = "";
			targets = (
				8B171D161B8777DD0026F82C /* MemeMe-v1.0 */,
				8B171D2B1B8777DD0026F82C /* MemeMe-v1.0Tests */,
			);
		};
/* End PBXProject section */

/* Begin PBXResourcesBuildPhase section */
		8B171D151B8777DD0026F82C /* Resources */ = {
			isa = PBXResourcesBuildPhase;
			buildActionMask = 2147483647;
			files = (
				8B171D221B8777DD0026F82C /* Main.storyboard in Resources */,
				8B171D271B8777DD0026F82C /* LaunchScreen.xib in Resources */,
				8B171D241B8777DD0026F82C /* Images.xcassets in Resources */,
			);
			runOnlyForDeploymentPostprocessing = 0;
		};
		8B171D2A1B8777DD0026F82C /* Resources */ = {
			isa = PBXResourcesBuildPhase;
			buildActionMask = 2147483647;
			files = (
			);
			runOnlyForDeploymentPostprocessing = 0;
		};
/* End PBXResourcesBuildPhase section */

/* Begin PBXSourcesBuildPhase section */
		8B171D131B8777DD0026F82C /* Sources */ = {
			isa = PBXSourcesBuildPhase;
			buildActionMask = 2147483647;
			files = (
				8B171D1F1B8777DD0026F82C /* ViewController.swift in Sources */,
				8B171D1D1B8777DD0026F82C /* AppDelegate.swift in Sources */,
			);
			runOnlyForDeploymentPostprocessing = 0;
		};
		8B171D281B8777DD0026F82C /* Sources */ = {
			isa = PBXSourcesBuildPhase;
			buildActionMask = 2147483647;
			files = (
				8B171D331B8777DD0026F82C /* MemeMe_v1_0Tests.swift in Sources */,
			);
			runOnlyForDeploymentPostprocessing = 0;
		};
/* End PBXSourcesBuildPhase section */

/* Begin PBXTargetDependency section */
		8B171D2E1B8777DD0026F82C /* PBXTargetDependency */ = {
			isa = PBXTargetDependency;
			target = 8B171D161B8777DD0026F82C /* MemeMe-v1.0 */;
			targetProxy = 8B171D2D1B8777DD0026F82C /* PBXContainerItemProxy */;
		};
/* End PBXTargetDependency section */

/* Begin PBXVariantGroup section */
		8B171D201B8777DD0026F82C /* Main.storyboard */ = {
			isa = PBXVariantGroup;
			children = (
				8B171D211B8777DD0026F82C /* Base */,
			);
			name = Main.storyboard;
			sourceTree = "<group>";
		};
		8B171D251B8777DD0026F82C /* LaunchScreen.xib */ = {
			isa = PBXVariantGroup;
			children = (
				8B171D261B8777DD0026F82C /* Base */,
			);
			name = LaunchScreen.xib;
			sourceTree = "<group>";
		};
/* End PBXVariantGroup section */

/* Begin XCBuildConfiguration section */
		8B171D341B8777DD0026F82C /* Debug */ = {
			isa = XCBuildConfiguration;
			buildSettings = {
				ALWAYS_SEARCH_USER_PATHS = NO;
				CLANG_CXX_LANGUAGE_STANDARD = "gnu++0x";
				CLANG_CXX_LIBRARY = "libc++";
				CLANG_ENABLE_MODULES = YES;
				CLANG_ENABLE_OBJC_ARC = YES;
				CLANG_WARN_BOOL_CONVERSION = YES;
				CLANG_WARN_CONSTANT_CONVERSION = YES;
				CLANG_WARN_DIRECT_OBJC_ISA_USAGE = YES_ERROR;
				CLANG_WARN_EMPTY_BODY = YES;
				CLANG_WARN_ENUM_CONVERSION = YES;
				CLANG_WARN_INT_CONVERSION = YES;
				CLANG_WARN_OBJC_ROOT_CLASS = YES_ERROR;
				CLANG_WARN_UNREACHABLE_CODE = YES;
				CLANG_WARN__DUPLICATE_METHOD_MATCH = YES;
				"CODE_SIGN_IDENTITY[sdk=iphoneos*]" = "iPhone Developer";
				COPY_PHASE_STRIP = NO;
				DEBUG_INFORMATION_FORMAT = "dwarf-with-dsym";
				ENABLE_STRICT_OBJC_MSGSEND = YES;
				GCC_C_LANGUAGE_STANDARD = gnu99;
				GCC_DYNAMIC_NO_PIC = NO;
				GCC_NO_COMMON_BLOCKS = YES;
				GCC_OPTIMIZATION_LEVEL = 0;
				GCC_PREPROCESSOR_DEFINITIONS = (
					"DEBUG=1",
					"$(inherited)",
				);
				GCC_SYMBOLS_PRIVATE_EXTERN = NO;
				GCC_WARN_64_TO_32_BIT_CONVERSION = YES;
				GCC_WARN_ABOUT_RETURN_TYPE = YES_ERROR;
				GCC_WARN_UNDECLARED_SELECTOR = YES;
				GCC_WARN_UNINITIALIZED_AUTOS = YES_AGGRESSIVE;
				GCC_WARN_UNUSED_FUNCTION = YES;
				GCC_WARN_UNUSED_VARIABLE = YES;
				IPHONEOS_DEPLOYMENT_TARGET = 8.4;
				MTL_ENABLE_DEBUG_INFO = YES;
				ONLY_ACTIVE_ARCH = YES;
				SDKROOT = iphoneos;
				SWIFT_OPTIMIZATION_LEVEL = "-Onone";
			};
			name = Debug;
		};
		8B171D351B8777DD0026F82C /* Release */ = {
			isa = XCBuildConfiguration;
			buildSettings = {
				ALWAYS_SEARCH_USER_PATHS = NO;
				CLANG_CXX_LANGUAGE_STANDARD = "gnu++0x";
				CLANG_CXX_LIBRARY = "libc++";
				CLANG_ENABLE_MODULES = YES;
				CLANG_ENABLE_OBJC_ARC = YES;
				CLANG_WARN_BOOL_CONVERSION = YES;
				CLANG_WARN_CONSTANT_CONVERSION = YES;
				CLANG_WARN_DIRECT_OBJC_ISA_USAGE = YES_ERROR;
				CLANG_WARN_EMPTY_BODY = YES;
				CLANG_WARN_ENUM_CONVERSION = YES;
				CLANG_WARN_INT_CONVERSION = YES;
				CLANG_WARN_OBJC_ROOT_CLASS = YES_ERROR;
				CLANG_WARN_UNREACHABLE_CODE = YES;
				CLANG_WARN__DUPLICATE_METHOD_MATCH = YES;
				"CODE_SIGN_IDENTITY[sdk=iphoneos*]" = "iPhone Developer";
				COPY_PHASE_STRIP = NO;
				DEBUG_INFORMATION_FORMAT = "dwarf-with-dsym";
				ENABLE_NS_ASSERTIONS = NO;
				ENABLE_STRICT_OBJC_MSGSEND = YES;
				GCC_C_LANGUAGE_STANDARD = gnu99;
				GCC_NO_COMMON_BLOCKS = YES;
				GCC_WARN_64_TO_32_BIT_CONVERSION = YES;
				GCC_WARN_ABOUT_RETURN_TYPE = YES_ERROR;
				GCC_WARN_UNDECLARED_SELECTOR = YES;
				GCC_WARN_UNINITIALIZED_AUTOS = YES_AGGRESSIVE;
				GCC_WARN_UNUSED_FUNCTION = YES;
				GCC_WARN_UNUSED_VARIABLE = YES;
				IPHONEOS_DEPLOYMENT_TARGET = 8.4;
				MTL_ENABLE_DEBUG_INFO = NO;
				SDKROOT = iphoneos;
				VALIDATE_PRODUCT = YES;
			};
			name = Release;
		};
		8B171D371B8777DD0026F82C /* Debug */ = {
			isa = XCBuildConfiguration;
			buildSettings = {
				ASSETCATALOG_COMPILER_APPICON_NAME = AppIcon;
				INFOPLIST_FILE = "MemeMe-v1.0/Info.plist";
				LD_RUNPATH_SEARCH_PATHS = "$(inherited) @executable_path/Frameworks";
				PRODUCT_NAME = "$(TARGET_NAME)";
			};
			name = Debug;
		};
		8B171D381B8777DD0026F82C /* Release */ = {
			isa = XCBuildConfiguration;
			buildSettings = {
				ASSETCATALOG_COMPILER_APPICON_NAME = AppIcon;
				INFOPLIST_FILE = "MemeMe-v1.0/Info.plist";
				LD_RUNPATH_SEARCH_PATHS = "$(inherited) @executable_path/Frameworks";
				PRODUCT_NAME = "$(TARGET_NAME)";
			};
			name = Release;
		};
		8B171D3A1B8777DD0026F82C /* Debug */ = {
			isa = XCBuildConfiguration;
			buildSettings = {
				BUNDLE_LOADER = "$(TEST_HOST)";
				FRAMEWORK_SEARCH_PATHS = (
					"$(SDKROOT)/Developer/Library/Frameworks",
					"$(inherited)",
				);
				GCC_PREPROCESSOR_DEFINITIONS = (
					"DEBUG=1",
					"$(inherited)",
				);
				INFOPLIST_FILE = "MemeMe-v1.0Tests/Info.plist";
				LD_RUNPATH_SEARCH_PATHS = "$(inherited) @executable_path/Frameworks @loader_path/Frameworks";
				PRODUCT_NAME = "$(TARGET_NAME)";
				TEST_HOST = "$(BUILT_PRODUCTS_DIR)/MemeMe-v1.0.app/MemeMe-v1.0";
			};
			name = Debug;
		};
		8B171D3B1B8777DD0026F82C /* Release */ = {
			isa = XCBuildConfiguration;
			buildSettings = {
				BUNDLE_LOADER = "$(TEST_HOST)";
				FRAMEWORK_SEARCH_PATHS = (
					"$(SDKROOT)/Developer/Library/Frameworks",
					"$(inherited)",
				);
				INFOPLIST_FILE = "MemeMe-v1.0Tests/Info.plist";
				LD_RUNPATH_SEARCH_PATHS = "$(inherited) @executable_path/Frameworks @loader_path/Frameworks";
				PRODUCT_NAME = "$(TARGET_NAME)";
				TEST_HOST = "$(BUILT_PRODUCTS_DIR)/MemeMe-v1.0.app/MemeMe-v1.0";
			};
			name = Release;
		};
/* End XCBuildConfiguration section */

/* Begin XCConfigurationList section */
		8B171D121B8777DD0026F82C /* Build configuration list for PBXProject "MemeMe-v1.0" */ = {
			isa = XCConfigurationList;
			buildConfigurations = (
				8B171D341B8777DD0026F82C /* Debug */,
				8B171D351B8777DD0026F82C /* Release */,
			);
			defaultConfigurationIsVisible = 0;
			defaultConfigurationName = Release;
		};
		8B171D361B8777DD0026F82C /* Build configuration list for PBXNativeTarget "MemeMe-v1.0" */ = {
			isa = XCConfigurationList;
			buildConfigurations = (
				8B171D371B8777DD0026F82C /* Debug */,
				8B171D381B8777DD0026F82C /* Release */,
			);
			defaultConfigurationIsVisible = 0;
		};
		8B171D391B8777DD0026F82C /* Build configuration list for PBXNativeTarget "MemeMe-v1.0Tests" */ = {
			isa = XCConfigurationList;
			buildConfigurations = (
				8B171D3A1B8777DD0026F82C /* Debug */,
				8B171D3B1B8777DD0026F82C /* Release */,
			);
			defaultConfigurationIsVisible = 0;
		};
/* End XCConfigurationList section */
	};
	rootObject = 8B171D0F1B8777DD0026F82C /* Project object */;
}
